
Microsoft Visual Studio Solution File, Format Version 12.00
# Visual Studio Version 17
VisualStudioVersion = 17.3.32929.385
MinimumVisualStudioVersion = 10.0.40219.1
Project("{FAE04EC0-301F-11D3-BF4B-00C04F79EFBC}") = "ConsoleApp1", "ConsoleApp1\ConsoleApp1.csproj", "{211A5711-1434-45F0-9247-E32D4EA0D5C3}"
EndProject
Global
	GlobalSection(SolutionConfigurationPlatforms) = preSolution
		Debug|Any CPU = Debug|Any CPU
		Release|Any CPU = Release|Any CPU
	EndGlobalSection
	GlobalSection(ProjectConfigurationPlatforms) = postSolution
		{211A5711-1434-45F0-9247-E32D4EA0D5C3}.Debug|Any CPU.ActiveCfg = Debug|Any CPU
		{211A5711-1434-45F0-9247-E32D4EA0D5C3}.Debug|Any CPU.Build.0 = Debug|Any CPU
		{211A5711-1434-45F0-9247-E32D4EA0D5C3}.Release|Any CPU.ActiveCfg = Release|Any CPU
		{211A5711-1434-45F0-9247-E32D4EA0D5C3}.Release|Any CPU.Build.0 = Release|Any CPU
	EndGlobalSection
	GlobalSection(SolutionProperties) = preSolution
		HideSolutionNode = FALSE
	EndGlobalSection
	GlobalSection(ExtensibilityGlobals) = postSolution
		SolutionGuid = {F8A60AE5-2BEA-4504-80BA-89260B99B0B6}
	EndGlobalSection
EndGlobal
